{
  "name": "ngx-intl-tel-input-pure",
  "version": "0.0.4",
  "lockfileVersion": 1,
  "requires": true,
  "dependencies": {
    "@types/google-libphonenumber": {
      "version": "7.4.19",
      "resolved": "https://registry.npmjs.org/@types/google-libphonenumber/-/google-libphonenumber-7.4.19.tgz",
      "integrity": "sha512-Rm2VhKzu4UofafuTrNTG6fy+385x1PIomnTGGSzOXGbKLpXAhNlUG+7F6UdcIosM5JMvXcJBnwUW/u4qQmt0yg==",
      "dev": true
    },
    "tslib": {
      "version": "2.0.3",
      "resolved": "https://registry.npmjs.org/tslib/-/tslib-2.0.3.tgz",
      "integrity": "sha512-uZtkfKblCEQtZKBF6EBXVZeQNl82yqtDQdv+eck8u7tdPxjLu2/lp5/uPW+um2tpuxINHWy3GhiccY7QgEaVHQ=="
    }
  }
}
